{
  "name": "web",
  "version": "1.0.0",
  "lockfileVersion": 1,
  "requires": true,
  "dependencies": {
    "async-validator": {
      "version": "1.8.2",
      "resolved": "http://npm.jyblife.com/async-validator/-/async-validator-1.8.2.tgz",
      "integrity": "sha1-t3WXIm6WJC+NUxwNRq4pX2JCK6Q=",
      "requires": {
        "babel-runtime": "6.26.0"
      }
    },
    "axios": {
      "version": "0.15.3",
      "resolved": "http://npm.jyblife.com/axios/-/axios-0.15.3.tgz",
      "integrity": "sha1-LJ1jiy4ZGgjqHWzJiOrda6W9wFM=",
      "requires": {
        "follow-redirects": "1.0.0"
      }
    },
    "babel-helper-vue-jsx-merge-props": {
      "version": "2.0.3",
      "resolved": "http://npm.jyblife.com/babel-helper-vue-jsx-merge-props/-/babel-helper-vue-jsx-merge-props-2.0.3.tgz",
      "integrity": "sha1-Iq69OzOQIyjlEyk6jkmSs4T58bY="
    },
    "babel-runtime": {
      "version": "6.26.0",
      "resolved": "http://npm.jyblife.com/babel-runtime/-/babel-runtime-6.26.0.tgz",
      "integrity": "sha1-llxwWGaOgrVde/4E/yM3vItWR/4=",
      "requires": {
        "core-js": "2.5.5",
        "regenerator-runtime": "0.11.1"
      }
    },
    "core-js": {
      "version": "2.5.5",
      "resolved": "http://npm.jyblife.com/core-js/-/core-js-2.5.5.tgz",
      "integrity": "sha1-sU3ek2xkDAV5prUMq8wTLdYSfjs="
    },
    "debug": {
      "version": "2.6.9",
      "resolved": "http://npm.jyblife.com/debug/-/debug-2.6.9.tgz",
      "integrity": "sha1-XRKFFd8TT/Mn6QpMk/Tgd6U2NB8=",
      "requires": {
        "ms": "2.0.0"
      }
    },
    "deepmerge": {
      "version": "1.5.2",
      "resolved": "http://npm.jyblife.com/deepmerge/-/deepmerge-1.5.2.tgz",
      "integrity": "sha1-EEmdhohEza1P7ghC34x/bwyVp1M="
    },
    "echarts": {
      "version": "3.8.5",
      "resolved": "http://npm.jyblife.com/echarts/-/echarts-3.8.5.tgz",
      "integrity": "sha1-WOSlHSdDxvt1JXsNwKnPn1N4rA4=",
      "requires": {
        "zrender": "3.7.4"
      }
    },
    "element-ui": {
      "version": "1.4.13",
      "resolved": "http://npm.jyblife.com/element-ui/-/element-ui-1.4.13.tgz",
      "integrity": "sha1-0LBVmHrwy5N6ETW6v0NgroDUoSE=",
      "requires": {
        "async-validator": "1.8.2",
        "babel-helper-vue-jsx-merge-props": "2.0.3",
        "deepmerge": "1.5.2",
        "throttle-debounce": "1.0.1"
      }
    },
    "follow-redirects": {
      "version": "1.0.0",
      "resolved": "http://npm.jyblife.com/follow-redirects/-/follow-redirects-1.0.0.tgz",
      "integrity": "sha1-jjQpjL0uF28lTv/sdaHHjMhJ/Tc=",
      "requires": {
        "debug": "2.6.9"
      }
    },
    "font-awesome": {
      "version": "4.7.0",
      "resolved": "http://npm.jyblife.com/font-awesome/-/font-awesome-4.7.0.tgz",
      "integrity": "sha1-j6jPBBGhoxr9B7BtKQK7n8gVoTM="
    },
    "fs-extra": {
      "version": "4.0.3",
      "resolved": "http://npm.jyblife.com/fs-extra/-/fs-extra-4.0.3.tgz",
      "integrity": "sha1-DYUhIuW8W+tFP7Ao6cDJvzY0DJQ=",
      "requires": {
        "graceful-fs": "4.1.11",
        "jsonfile": "4.0.0",
        "universalify": "0.1.1"
      }
    },
    "graceful-fs": {
      "version": "4.1.11",
      "resolved": "http://npm.jyblife.com/graceful-fs/-/graceful-fs-4.1.11.tgz",
      "integrity": "sha1-Dovf5NHduIVNZOBOp8AOKgJuVlg="
    },
    "jsonfile": {
      "version": "4.0.0",
      "resolved": "http://npm.jyblife.com/jsonfile/-/jsonfile-4.0.0.tgz",
      "integrity": "sha1-h3Gq4HmbZAdrdmQPygWPnBDjPss=",
      "requires": {
        "graceful-fs": "4.1.11"
      }
    },
    "moment": {
      "version": "2.29.2",
      "resolved": "https://registry.npmjs.org/moment/-/moment-2.29.2.tgz",
      "integrity": "sha512-UgzG4rvxYpN15jgCmVJwac49h9ly9NurikMWGPdVxm8GZD6XjkKPxDTjQQ43gtGgnV3X0cAyWDdP2Wexoquifg=="
    },
    "ms": {
      "version": "2.0.0",
      "resolved": "http://npm.jyblife.com/ms/-/ms-2.0.0.tgz",
      "integrity": "sha1-VgiurfwAvmwpAd9fmGF4jeDVl8g="
    },
    "regenerator-runtime": {
      "version": "0.11.1",
      "resolved": "http://npm.jyblife.com/regenerator-runtime/-/regenerator-runtime-0.11.1.tgz",
      "integrity": "sha1-vgWtf5v30i4Fb5cmzuUBf78Z4uk="
    },
    "throttle-debounce": {
      "version": "1.0.1",
      "resolved": "http://npm.jyblife.com/throttle-debounce/-/throttle-debounce-1.0.1.tgz",
      "integrity": "sha1-2tD+Ew+drzcZ/eoz3Dao5rp/MLU="
    },
    "universalify": {
      "version": "0.1.1",
      "resolved": "http://npm.jyblife.com/universalify/-/universalify-0.1.1.tgz",
      "integrity": "sha1-+nG63UQ3r0wUiEHjs7Fl+enlkLc="
    },
    "vue": {
      "version": "2.5.16",
      "resolved": "http://npm.jyblife.com/vue/-/vue-2.5.16.tgz",
      "integrity": "sha1-B+23XoQSqu7YceuvqZ9GclhKAIU="
    },
    "vue-router": {
      "version": "2.8.1",
      "resolved": "http://npm.jyblife.com/vue-router/-/vue-router-2.8.1.tgz",
      "integrity": "sha1-mDPJ7lesg76wJpBW/v7nFxPyBpU="
    },
    "zrender": {
      "version": "3.7.4",
      "resolved": "http://npm.jyblife.com/zrender/-/zrender-3.7.4.tgz",
      "integrity": "sha1-+EfVOUhIHvbUKQbR6prux6y+/fI="
    }
  }
}
